
Microsoft Visual Studio Solution File, Format Version 12.00
# Visual Studio Version 16
VisualStudioVersion = 16.0.30717.126
MinimumVisualStudioVersion = 10.0.40219.1
Project("{FAE04EC0-301F-11D3-BF4B-00C04F79EFBC}") = "Proc", "Proc\Proc.csproj", "{F27D3144-D216-4291-BDBF-FCB2305F8C2B}"
EndProject
Global
	GlobalSection(SolutionConfigurationPlatforms) = preSolution
		Debug|Any CPU = Debug|Any CPU
		Release|Any CPU = Release|Any CPU
	EndGlobalSection
	GlobalSection(ProjectConfigurationPlatforms) = postSolution
		{F27D3144-D216-4291-BDBF-FCB2305F8C2B}.Debug|Any CPU.ActiveCfg = Debug|Any CPU
		{F27D3144-D216-4291-BDBF-FCB2305F8C2B}.Debug|Any CPU.Build.0 = Debug|Any CPU
		{F27D3144-D216-4291-BDBF-FCB2305F8C2B}.Release|Any CPU.ActiveCfg = Release|Any CPU
		{F27D3144-D216-4291-BDBF-FCB2305F8C2B}.Release|Any CPU.Build.0 = Release|Any CPU
	EndGlobalSection
	GlobalSection(SolutionProperties) = preSolution
		HideSolutionNode = FALSE
	EndGlobalSection
	GlobalSection(ExtensibilityGlobals) = postSolution
		SolutionGuid = {3C1374D6-F8EE-41A6-9B50-038C0251137D}
	EndGlobalSection
EndGlobal
